
Microsoft Visual Studio Solution File, Format Version 12.00
# Visual Studio 15
VisualStudioVersion = 15.0.28307.902
MinimumVisualStudioVersion = 10.0.40219.1
Project("{FAE04EC0-301F-11D3-BF4B-00C04F79EFBC}") = "plc_camera_wpf", "plc_camera\plc_camera_wpf.csproj", "{1F7F29A0-6428-4327-9973-32A6F94B3573}"
EndProject
Project("{FAE04EC0-301F-11D3-BF4B-00C04F79EFBC}") = "PLC_CAMEAR_WinForm", "PLC_CAMEAR_WinForm\PLC_CAMEAR_WinForm.csproj", "{D150F894-5D34-411C-9CEE-0CD02329A839}"
EndProject
Global
	GlobalSection(SolutionConfigurationPlatforms) = preSolution
		Debug|Any CPU = Debug|Any CPU
		Release|Any CPU = Release|Any CPU
	EndGlobalSection
	GlobalSection(ProjectConfigurationPlatforms) = postSolution
		{1F7F29A0-6428-4327-9973-32A6F94B3573}.Debug|Any CPU.ActiveCfg = Debug|Any CPU
		{1F7F29A0-6428-4327-9973-32A6F94B3573}.Debug|Any CPU.Build.0 = Debug|Any CPU
		{1F7F29A0-6428-4327-9973-32A6F94B3573}.Release|Any CPU.ActiveCfg = Release|Any CPU
		{1F7F29A0-6428-4327-9973-32A6F94B3573}.Release|Any CPU.Build.0 = Release|Any CPU
		{D150F894-5D34-411C-9CEE-0CD02329A839}.Debug|Any CPU.ActiveCfg = Debug|Any CPU
		{D150F894-5D34-411C-9CEE-0CD02329A839}.Debug|Any CPU.Build.0 = Debug|Any CPU
		{D150F894-5D34-411C-9CEE-0CD02329A839}.Release|Any CPU.ActiveCfg = Release|Any CPU
		{D150F894-5D34-411C-9CEE-0CD02329A839}.Release|Any CPU.Build.0 = Release|Any CPU
	EndGlobalSection
	GlobalSection(SolutionProperties) = preSolution
		HideSolutionNode = FALSE
	EndGlobalSection
	GlobalSection(ExtensibilityGlobals) = postSolution
		SolutionGuid = {E641ADF1-F220-44A8-97CB-6F10286FC973}
	EndGlobalSection
EndGlobal
